
Microsoft Visual Studio Solution File, Format Version 12.00
# Visual Studio Version 17
VisualStudioVersion = 17.8.34309.116
MinimumVisualStudioVersion = 10.0.40219.1
Project("{FAE04EC0-301F-11D3-BF4B-00C04F79EFBC}") = "Week14OOP", "Week14OOP\Week14OOP.csproj", "{BE28A1AB-8027-412F-B3C7-172141205434}"
EndProject
Global
	GlobalSection(SolutionConfigurationPlatforms) = preSolution
		Debug|Any CPU = Debug|Any CPU
		Release|Any CPU = Release|Any CPU
	EndGlobalSection
	GlobalSection(ProjectConfigurationPlatforms) = postSolution
		{BE28A1AB-8027-412F-B3C7-172141205434}.Debug|Any CPU.ActiveCfg = Debug|Any CPU
		{BE28A1AB-8027-412F-B3C7-172141205434}.Debug|Any CPU.Build.0 = Debug|Any CPU
		{BE28A1AB-8027-412F-B3C7-172141205434}.Release|Any CPU.ActiveCfg = Release|Any CPU
		{BE28A1AB-8027-412F-B3C7-172141205434}.Release|Any CPU.Build.0 = Release|Any CPU
	EndGlobalSection
	GlobalSection(SolutionProperties) = preSolution
		HideSolutionNode = FALSE
	EndGlobalSection
	GlobalSection(ExtensibilityGlobals) = postSolution
		SolutionGuid = {8E9620B7-671B-4D29-A444-A23A2B1E1230}
	EndGlobalSection
EndGlobal
